// !$*UTF8*$!
{
	archiveVersion = 1;
	classes = {
	};
	objectVersion = 46;
	objects = {

/* Begin PBXBuildFile section */
		EA3D90801D74E0F900F895FB /* AppDelegate.swift in Sources */ = {isa = PBXBuildFile; fileRef = EA3D907F1D74E0F900F895FB /* AppDelegate.swift */; };
		EA3D90821D74E0F900F895FB /* ViewController.swift in Sources */ = {isa = PBXBuildFile; fileRef = EA3D90811D74E0F900F895FB /* ViewController.swift */; };
		EA3D90851D74E0F900F895FB /* Main.storyboard in Resources */ = {isa = PBXBuildFile; fileRef = EA3D90831D74E0F900F895FB /* Main.storyboard */; };
		EA3D90881D74E0F900F895FB /* soundboard.xcdatamodeld in Sources */ = {isa = PBXBuildFile; fileRef = EA3D90861D74E0F900F895FB /* soundboard.xcdatamodeld */; };
		EA3D908A1D74E0F900F895FB /* Assets.xcassets in Resources */ = {isa = PBXBuildFile; fileRef = EA3D90891D74E0F900F895FB /* Assets.xcassets */; };
		EA3D908D1D74E0F900F895FB /* LaunchScreen.storyboard in Resources */ = {isa = PBXBuildFile; fileRef = EA3D908B1D74E0F900F895FB /* LaunchScreen.storyboard */; };
/* End PBXBuildFile section */

/* Begin PBXFileReference section */
		EA3D907C1D74E0F900F895FB /* soundboard.app */ = {isa = PBXFileReference; explicitFileType = wrapper.application; includeInIndex = 0; path = soundboard.app; sourceTree = BUILT_PRODUCTS_DIR; };
		EA3D907F1D74E0F900F895FB /* AppDelegate.swift */ = {isa = PBXFileReference; lastKnownFileType = sourcecode.swift; path = AppDelegate.swift; sourceTree = "<group>"; };
		EA3D90811D74E0F900F895FB /* ViewController.swift */ = {isa = PBXFileReference; lastKnownFileType = sourcecode.swift; path = ViewController.swift; sourceTree = "<group>"; };
		EA3D90841D74E0F900F895FB /* Base */ = {isa = PBXFileReference; lastKnownFileType = file.storyboard; name = Base; path = Base.lproj/Main.storyboard; sourceTree = "<group>"; };
		EA3D90871D74E0F900F895FB /* soundboard.xcdatamodel */ = {isa = PBXFileReference; lastKnownFileType = wrapper.xcdatamodel; path = soundboard.xcdatamodel; sourceTree = "<group>"; };
		EA3D90891D74E0F900F895FB /* Assets.xcassets */ = {isa = PBXFileReference; lastKnownFileType = folder.assetcatalog; path = Assets.xcassets; sourceTree = "<group>"; };
		EA3D908C1D74E0F900F895FB /* Base */ = {isa = PBXFileReference; lastKnownFileType = file.storyboard; name = Base; path = Base.lproj/LaunchScreen.storyboard; sourceTree = "<group>"; };
		EA3D908E1D74E0F900F895FB /* Info.plist */ = {isa = PBXFileReference; lastKnownFileType = text.plist.xml; path = Info.plist; sourceTree = "<group>"; };
/* End PBXFileReference section */

/* Begin PBXFrameworksBuildPhase section */
		EA3D90791D74E0F900F895FB /* Frameworks */ = {
			isa = PBXFrameworksBuildPhase;
			buildActionMask = 2147483647;
			files = (
			);
			runOnlyForDeploymentPostprocessing = 0;
		};
/* End PBXFrameworksBuildPhase section */

/* Begin PBXGroup section */
		EA3D90731D74E0F900F895FB = {
			isa = PBXGroup;
			children = (
				EA3D907E1D74E0F900F895FB /* soundboard */,
				EA3D907D1D74E0F900F895FB /* Products */,
			);
			sourceTree = "<group>";
		};
		EA3D907D1D74E0F900F895FB /* Products */ = {
			isa = PBXGroup;
			children = (
				EA3D907C1D74E0F900F895FB /* soundboard.app */,
			);
			name = Products;
			sourceTree = "<group>";
		};
		EA3D907E1D74E0F900F895FB /* soundboard */ = {
			isa = PBXGroup;
			children = (
				EA3D907F1D74E0F900F895FB /* AppDelegate.swift */,
				EA3D90811D74E0F900F895FB /* ViewController.swift */,
				EA3D90831D74E0F900F895FB /* Main.storyboard */,
				EA3D90891D74E0F900F895FB /* Assets.xcassets */,
				EA3D908B1D74E0F900F895FB /* LaunchScreen.storyboard */,
				EA3D908E1D74E0F900F895FB /* Info.plist */,
				EA3D90861D74E0F900F895FB /* soundboard.xcdatamodeld */,
			);
			path = soundboard;
			sourceTree = "<group>";
		};
/* End PBXGroup section */

/* Begin PBXNativeTarget section */
		EA3D907B1D74E0F900F895FB /* soundboard */ = {
			isa = PBXNativeTarget;
			buildConfigurationList = EA3D90911D74E0F900F895FB /* Build configuration list for PBXNativeTarget "soundboard" */;
			buildPhases = (
				EA3D90781D74E0F900F895FB /* Sources */,
				EA3D90791D74E0F900F895FB /* Frameworks */,
				EA3D907A1D74E0F900F895FB /* Resources */,
			);
			buildRules = (
			);
			dependencies = (
			);
			name = soundboard;
			productName = soundboard;
			productReference = EA3D907C1D74E0F900F895FB /* soundboard.app */;
			productType = "com.apple.product-type.application";
		};
/* End PBXNativeTarget section */

/* Begin PBXProject section */
		EA3D90741D74E0F900F895FB /* Project object */ = {
			isa = PBXProject;
			attributes = {
				LastSwiftUpdateCheck = 0800;
				LastUpgradeCheck = 0800;
				ORGANIZATIONNAME = Adamazing;
				TargetAttributes = {
					EA3D907B1D74E0F900F895FB = {
						CreatedOnToolsVersion = 8.0;
						ProvisioningStyle = Automatic;
					};
				};
			};
			buildConfigurationList = EA3D90771D74E0F900F895FB /* Build configuration list for PBXProject "soundboard" */;
			compatibilityVersion = "Xcode 3.2";
			developmentRegion = English;
			hasScannedForEncodings = 0;
			knownRegions = (
				en,
				Base,
			);
			mainGroup = EA3D90731D74E0F900F895FB;
			productRefGroup = EA3D907D1D74E0F900F895FB /* Products */;
			projectDirPath = "";
			projectRoot = "";
			targets = (
				EA3D907B1D74E0F900F895FB /* soundboard */,
			);
		};
/* End PBXProject section */

/* Begin PBXResourcesBuildPhase section */
		EA3D907A1D74E0F900F895FB /* Resources */ = {
			isa = PBXResourcesBuildPhase;
			buildActionMask = 2147483647;
			files = (
				EA3D908D1D74E0F900F895FB /* LaunchScreen.storyboard in Resources */,
				EA3D908A1D74E0F900F895FB /* Assets.xcassets in Resources */,
				EA3D90851D74E0F900F895FB /* Main.storyboard in Resources */,
			);
			runOnlyForDeploymentPostprocessing = 0;
		};
/* End PBXResourcesBuildPhase section */

/* Begin PBXSourcesBuildPhase section */
		EA3D90781D74E0F900F895FB /* Sources */ = {
			isa = PBXSourcesBuildPhase;
			buildActionMask = 2147483647;
			files = (
				EA3D90821D74E0F900F895FB /* ViewController.swift in Sources */,
				EA3D90801D74E0F900F895FB /* AppDelegate.swift in Sources */,
				EA3D90881D74E0F900F895FB /* soundboard.xcdatamodeld in Sources */,
			);
			runOnlyForDeploymentPostprocessing = 0;
		};
/* End PBXSourcesBuildPhase section */

/* Begin PBXVariantGroup section */
		EA3D90831D74E0F900F895FB /* Main.storyboard */ = {
			isa = PBXVariantGroup;
			children = (
				EA3D90841D74E0F900F895FB /* Base */,
			);
			name = Main.storyboard;
			sourceTree = "<group>";
		};
		EA3D908B1D74E0F900F895FB /* LaunchScreen.storyboard */ = {
			isa = PBXVariantGroup;
			children = (
				EA3D908C1D74E0F900F895FB /* Base */,
			);
			name = LaunchScreen.storyboard;
			sourceTree = "<group>";
		};
/* End PBXVariantGroup section */

/* Begin XCBuildConfiguration section */
		EA3D908F1D74E0F900F895FB /* Debug */ = {
			isa = XCBuildConfiguration;
			buildSettings = {
				ALWAYS_SEARCH_USER_PATHS = NO;
				CLANG_ANALYZER_NONNULL = YES;
				CLANG_CXX_LANGUAGE_STANDARD = "gnu++0x";
				CLANG_CXX_LIBRARY = "libc++";
				CLANG_ENABLE_MODULES = YES;
				CLANG_ENABLE_OBJC_ARC = YES;
				CLANG_WARN_BOOL_CONVERSION = YES;
				CLANG_WARN_CONSTANT_CONVERSION = YES;
				CLANG_WARN_DIRECT_OBJC_ISA_USAGE = YES_ERROR;
				CLANG_WARN_DOCUMENTATION_COMMENTS = YES;
				CLANG_WARN_EMPTY_BODY = YES;
				CLANG_WARN_ENUM_CONVERSION = YES;
				CLANG_WARN_INFINITE_RECURSION = YES;
				CLANG_WARN_INT_CONVERSION = YES;
				CLANG_WARN_OBJC_ROOT_CLASS = YES_ERROR;
				CLANG_WARN_SUSPICIOUS_MOVES = YES;
				CLANG_WARN_UNREACHABLE_CODE = YES;
				CLANG_WARN__DUPLICATE_METHOD_MATCH = YES;
				"CODE_SIGN_IDENTITY[sdk=iphoneos*]" = "iPhone Developer";
				COPY_PHASE_STRIP = NO;
				DEBUG_INFORMATION_FORMAT = dwarf;
				ENABLE_STRICT_OBJC_MSGSEND = YES;
				ENABLE_TESTABILITY = YES;
				GCC_C_LANGUAGE_STANDARD = gnu99;
				GCC_DYNAMIC_NO_PIC = NO;
				GCC_NO_COMMON_BLOCKS = YES;
				GCC_OPTIMIZATION_LEVEL = 0;
				GCC_PREPROCESSOR_DEFINITIONS = (
					"DEBUG=1",
					"$(inherited)",
				);
				GCC_WARN_64_TO_32_BIT_CONVERSION = YES;
				GCC_WARN_ABOUT_RETURN_TYPE = YES_ERROR;
				GCC_WARN_UNDECLARED_SELECTOR = YES;
				GCC_WARN_UNINITIALIZED_AUTOS = YES_AGGRESSIVE;
				GCC_WARN_UNUSED_FUNCTION = YES;
				GCC_WARN_UNUSED_VARIABLE = YES;
				IPHONEOS_DEPLOYMENT_TARGET = 10.0;
				MTL_ENABLE_DEBUG_INFO = YES;
				ONLY_ACTIVE_ARCH = YES;
				SDKROOT = iphoneos;
				SWIFT_ACTIVE_COMPILATION_CONDITIONS = DEBUG;
				SWIFT_OPTIMIZATION_LEVEL = "-Onone";
				TARGETED_DEVICE_FAMILY = "1,2";
			};
			name = Debug;
		};
		EA3D90901D74E0F900F895FB /* Release */ = {
			isa = XCBuildConfiguration;
			buildSettings = {
				ALWAYS_SEARCH_USER_PATHS = NO;
				CLANG_ANALYZER_NONNULL = YES;
				CLANG_CXX_LANGUAGE_STANDARD = "gnu++0x";
				CLANG_CXX_LIBRARY = "libc++";
				CLANG_ENABLE_MODULES = YES;
				CLANG_ENABLE_OBJC_ARC = YES;
				CLANG_WARN_BOOL_CONVERSION = YES;
				CLANG_WARN_CONSTANT_CONVERSION = YES;
				CLANG_WARN_DIRECT_OBJC_ISA_USAGE = YES_ERROR;
				CLANG_WARN_DOCUMENTATION_COMMENTS = YES;
				CLANG_WARN_EMPTY_BODY = YES;
				CLANG_WARN_ENUM_CONVERSION = YES;
				CLANG_WARN_INFINITE_RECURSION = YES;
				CLANG_WARN_INT_CONVERSION = YES;
				CLANG_WARN_OBJC_ROOT_CLASS = YES_ERROR;
				CLANG_WARN_SUSPICIOUS_MOVES = YES;
				CLANG_WARN_UNREACHABLE_CODE = YES;
				CLANG_WARN__DUPLICATE_METHOD_MATCH = YES;
				"CODE_SIGN_IDENTITY[sdk=iphoneos*]" = "iPhone Developer";
				COPY_PHASE_STRIP = NO;
				DEBUG_INFORMATION_FORMAT = "dwarf-with-dsym";
				ENABLE_NS_ASSERTIONS = NO;
				ENABLE_STRICT_OBJC_MSGSEND = YES;
				GCC_C_LANGUAGE_STANDARD = gnu99;
				GCC_NO_COMMON_BLOCKS = YES;
				GCC_WARN_64_TO_32_BIT_CONVERSION = YES;
				GCC_WARN_ABOUT_RETURN_TYPE = YES_ERROR;
				GCC_WARN_UNDECLARED_SELECTOR = YES;
				GCC_WARN_UNINITIALIZED_AUTOS = YES_AGGRESSIVE;
				GCC_WARN_UNUSED_FUNCTION = YES;
				GCC_WARN_UNUSED_VARIABLE = YES;
				IPHONEOS_DEPLOYMENT_TARGET = 10.0;
				MTL_ENABLE_DEBUG_INFO = NO;
				SDKROOT = iphoneos;
				SWIFT_OPTIMIZATION_LEVEL = "-Owholemodule";
				TARGETED_DEVICE_FAMILY = "1,2";
				VALIDATE_PRODUCT = YES;
			};
			name = Release;
		};
		EA3D90921D74E0F900F895FB /* Debug */ = {
			isa = XCBuildConfiguration;
			buildSettings = {
				ASSETCATALOG_COMPILER_APPICON_NAME = AppIcon;
				INFOPLIST_FILE = soundboard/Info.plist;
				LD_RUNPATH_SEARCH_PATHS = "$(inherited) @executable_path/Frameworks";
				PRODUCT_BUNDLE_IDENTIFIER = com.adamazing.soundboard;
				PRODUCT_NAME = "$(TARGET_NAME)";
				SWIFT_VERSION = 3.0;
			};
			name = Debug;
		};
		EA3D90931D74E0F900F895FB /* Release */ = {
			isa = XCBuildConfiguration;
			buildSettings = {
				ASSETCATALOG_COMPILER_APPICON_NAME = AppIcon;
				INFOPLIST_FILE = soundboard/Info.plist;
				LD_RUNPATH_SEARCH_PATHS = "$(inherited) @executable_path/Frameworks";
				PRODUCT_BUNDLE_IDENTIFIER = com.adamazing.soundboard;
				PRODUCT_NAME = "$(TARGET_NAME)";
				SWIFT_VERSION = 3.0;
			};
			name = Release;
		};
/* End XCBuildConfiguration section */

/* Begin XCConfigurationList section */
		EA3D90771D74E0F900F895FB /* Build configuration list for PBXProject "soundboard" */ = {
			isa = XCConfigurationList;
			buildConfigurations = (
				EA3D908F1D74E0F900F895FB /* Debug */,
				EA3D90901D74E0F900F895FB /* Release */,
			);
			defaultConfigurationIsVisible = 0;
			defaultConfigurationName = Release;
		};
		EA3D90911D74E0F900F895FB /* Build configuration list for PBXNativeTarget "soundboard" */ = {
			isa = XCConfigurationList;
			buildConfigurations = (
				EA3D90921D74E0F900F895FB /* Debug */,
				EA3D90931D74E0F900F895FB /* Release */,
			);
			defaultConfigurationIsVisible = 0;
		};
/* End XCConfigurationList section */

/* Begin XCVersionGroup section */
		EA3D90861D74E0F900F895FB /* soundboard.xcdatamodeld */ = {
			isa = XCVersionGroup;
			children = (
				EA3D90871D74E0F900F895FB /* soundboard.xcdatamodel */,
			);
			currentVersion = EA3D90871D74E0F900F895FB /* soundboard.xcdatamodel */;
			path = soundboard.xcdatamodeld;
			sourceTree = "<group>";
			versionGroupType = wrapper.xcdatamodel;
		};
/* End XCVersionGroup section */
	};
	rootObject = EA3D90741D74E0F900F895FB /* Project object */;
}
